// !$*UTF8*$!
{
	archiveVersion = 1;
	classes = {
	};
	objectVersion = 46;
	objects = {

/* Begin PBXBuildFile section */
		380B1AE31EC06A41003AB244 /* AppDelegate.swift in Sources */ = {isa = PBXBuildFile; fileRef = 380B1AE21EC06A41003AB244 /* AppDelegate.swift */; };
		380B1AE51EC06A41003AB244 /* ViewController.swift in Sources */ = {isa = PBXBuildFile; fileRef = 380B1AE41EC06A41003AB244 /* ViewController.swift */; };
		380B1AE81EC06A41003AB244 /* Main.storyboard in Resources */ = {isa = PBXBuildFile; fileRef = 380B1AE61EC06A41003AB244 /* Main.storyboard */; };
		380B1AEA1EC06A41003AB244 /* Assets.xcassets in Resources */ = {isa = PBXBuildFile; fileRef = 380B1AE91EC06A41003AB244 /* Assets.xcassets */; };
		380B1AED1EC06A41003AB244 /* LaunchScreen.storyboard in Resources */ = {isa = PBXBuildFile; fileRef = 380B1AEB1EC06A41003AB244 /* LaunchScreen.storyboard */; };
/* End PBXBuildFile section */

/* Begin PBXFileReference section */
		380B1ADF1EC06A41003AB244 /* BigBrotherClient.app */ = {isa = PBXFileReference; explicitFileType = wrapper.application; includeInIndex = 0; path = BigBrotherClient.app; sourceTree = BUILT_PRODUCTS_DIR; };
		380B1AE21EC06A41003AB244 /* AppDelegate.swift */ = {isa = PBXFileReference; lastKnownFileType = sourcecode.swift; path = AppDelegate.swift; sourceTree = "<group>"; };
		380B1AE41EC06A41003AB244 /* ViewController.swift */ = {isa = PBXFileReference; lastKnownFileType = sourcecode.swift; path = ViewController.swift; sourceTree = "<group>"; };
		380B1AE71EC06A41003AB244 /* Base */ = {isa = PBXFileReference; lastKnownFileType = file.storyboard; name = Base; path = Base.lproj/Main.storyboard; sourceTree = "<group>"; };
		380B1AE91EC06A41003AB244 /* Assets.xcassets */ = {isa = PBXFileReference; lastKnownFileType = folder.assetcatalog; path = Assets.xcassets; sourceTree = "<group>"; };
		380B1AEC1EC06A41003AB244 /* Base */ = {isa = PBXFileReference; lastKnownFileType = file.storyboard; name = Base; path = Base.lproj/LaunchScreen.storyboard; sourceTree = "<group>"; };
		380B1AEE1EC06A41003AB244 /* Info.plist */ = {isa = PBXFileReference; lastKnownFileType = text.plist.xml; path = Info.plist; sourceTree = "<group>"; };
/* End PBXFileReference section */

/* Begin PBXFrameworksBuildPhase section */
		380B1ADC1EC06A41003AB244 /* Frameworks */ = {
			isa = PBXFrameworksBuildPhase;
			buildActionMask = 2147483647;
			files = (
			);
			runOnlyForDeploymentPostprocessing = 0;
		};
/* End PBXFrameworksBuildPhase section */

/* Begin PBXGroup section */
		380B1AD61EC06A41003AB244 = {
			isa = PBXGroup;
			children = (
				380B1AE11EC06A41003AB244 /* BigBrotherClient */,
				380B1AE01EC06A41003AB244 /* Products */,
			);
			sourceTree = "<group>";
		};
		380B1AE01EC06A41003AB244 /* Products */ = {
			isa = PBXGroup;
			children = (
				380B1ADF1EC06A41003AB244 /* BigBrotherClient.app */,
			);
			name = Products;
			sourceTree = "<group>";
		};
		380B1AE11EC06A41003AB244 /* BigBrotherClient */ = {
			isa = PBXGroup;
			children = (
				380B1AE21EC06A41003AB244 /* AppDelegate.swift */,
				380B1AE41EC06A41003AB244 /* ViewController.swift */,
				380B1AE61EC06A41003AB244 /* Main.storyboard */,
				380B1AE91EC06A41003AB244 /* Assets.xcassets */,
				380B1AEB1EC06A41003AB244 /* LaunchScreen.storyboard */,
				380B1AEE1EC06A41003AB244 /* Info.plist */,
			);
			path = BigBrotherClient;
			sourceTree = "<group>";
		};
/* End PBXGroup section */

/* Begin PBXNativeTarget section */
		380B1ADE1EC06A41003AB244 /* BigBrotherClient */ = {
			isa = PBXNativeTarget;
			buildConfigurationList = 380B1AF11EC06A41003AB244 /* Build configuration list for PBXNativeTarget "BigBrotherClient" */;
			buildPhases = (
				380B1ADB1EC06A41003AB244 /* Sources */,
				380B1ADC1EC06A41003AB244 /* Frameworks */,
				380B1ADD1EC06A41003AB244 /* Resources */,
			);
			buildRules = (
			);
			dependencies = (
			);
			name = BigBrotherClient;
			productName = BigBrotherClient;
			productReference = 380B1ADF1EC06A41003AB244 /* BigBrotherClient.app */;
			productType = "com.apple.product-type.application";
		};
/* End PBXNativeTarget section */

/* Begin PBXProject section */
		380B1AD71EC06A41003AB244 /* Project object */ = {
			isa = PBXProject;
			attributes = {
				LastSwiftUpdateCheck = 0830;
				LastUpgradeCheck = 0830;
				ORGANIZATIONNAME = sunmin.me;
				TargetAttributes = {
					380B1ADE1EC06A41003AB244 = {
						CreatedOnToolsVersion = 8.3;
						ProvisioningStyle = Automatic;
					};
				};
			};
			buildConfigurationList = 380B1ADA1EC06A41003AB244 /* Build configuration list for PBXProject "BigBrotherClient" */;
			compatibilityVersion = "Xcode 3.2";
			developmentRegion = English;
			hasScannedForEncodings = 0;
			knownRegions = (
				en,
				Base,
			);
			mainGroup = 380B1AD61EC06A41003AB244;
			productRefGroup = 380B1AE01EC06A41003AB244 /* Products */;
			projectDirPath = "";
			projectRoot = "";
			targets = (
				380B1ADE1EC06A41003AB244 /* BigBrotherClient */,
			);
		};
/* End PBXProject section */

/* Begin PBXResourcesBuildPhase section */
		380B1ADD1EC06A41003AB244 /* Resources */ = {
			isa = PBXResourcesBuildPhase;
			buildActionMask = 2147483647;
			files = (
				380B1AED1EC06A41003AB244 /* LaunchScreen.storyboard in Resources */,
				380B1AEA1EC06A41003AB244 /* Assets.xcassets in Resources */,
				380B1AE81EC06A41003AB244 /* Main.storyboard in Resources */,
			);
			runOnlyForDeploymentPostprocessing = 0;
		};
/* End PBXResourcesBuildPhase section */

/* Begin PBXSourcesBuildPhase section */
		380B1ADB1EC06A41003AB244 /* Sources */ = {
			isa = PBXSourcesBuildPhase;
			buildActionMask = 2147483647;
			files = (
				380B1AE51EC06A41003AB244 /* ViewController.swift in Sources */,
				380B1AE31EC06A41003AB244 /* AppDelegate.swift in Sources */,
			);
			runOnlyForDeploymentPostprocessing = 0;
		};
/* End PBXSourcesBuildPhase section */

/* Begin PBXVariantGroup section */
		380B1AE61EC06A41003AB244 /* Main.storyboard */ = {
			isa = PBXVariantGroup;
			children = (
				380B1AE71EC06A41003AB244 /* Base */,
			);
			name = Main.storyboard;
			sourceTree = "<group>";
		};
		380B1AEB1EC06A41003AB244 /* LaunchScreen.storyboard */ = {
			isa = PBXVariantGroup;
			children = (
				380B1AEC1EC06A41003AB244 /* Base */,
			);
			name = LaunchScreen.storyboard;
			sourceTree = "<group>";
		};
/* End PBXVariantGroup section */

/* Begin XCBuildConfiguration section */
		380B1AEF1EC06A41003AB244 /* Debug */ = {
			isa = XCBuildConfiguration;
			buildSettings = {
				ALWAYS_SEARCH_USER_PATHS = NO;
				CLANG_ANALYZER_NONNULL = YES;
				CLANG_ANALYZER_NUMBER_OBJECT_CONVERSION = YES_AGGRESSIVE;
				CLANG_CXX_LANGUAGE_STANDARD = "gnu++0x";
				CLANG_CXX_LIBRARY = "libc++";
				CLANG_ENABLE_MODULES = YES;
				CLANG_ENABLE_OBJC_ARC = YES;
				CLANG_WARN_BOOL_CONVERSION = YES;
				CLANG_WARN_CONSTANT_CONVERSION = YES;
				CLANG_WARN_DIRECT_OBJC_ISA_USAGE = YES_ERROR;
				CLANG_WARN_DOCUMENTATION_COMMENTS = YES;
				CLANG_WARN_EMPTY_BODY = YES;
				CLANG_WARN_ENUM_CONVERSION = YES;
				CLANG_WARN_INFINITE_RECURSION = YES;
				CLANG_WARN_INT_CONVERSION = YES;
				CLANG_WARN_OBJC_ROOT_CLASS = YES_ERROR;
				CLANG_WARN_SUSPICIOUS_MOVE = YES;
				CLANG_WARN_UNREACHABLE_CODE = YES;
				CLANG_WARN__DUPLICATE_METHOD_MATCH = YES;
				"CODE_SIGN_IDENTITY[sdk=iphoneos*]" = "iPhone Developer";
				COPY_PHASE_STRIP = NO;
				DEBUG_INFORMATION_FORMAT = dwarf;
				ENABLE_STRICT_OBJC_MSGSEND = YES;
				ENABLE_TESTABILITY = YES;
				GCC_C_LANGUAGE_STANDARD = gnu99;
				GCC_DYNAMIC_NO_PIC = NO;
				GCC_NO_COMMON_BLOCKS = YES;
				GCC_OPTIMIZATION_LEVEL = 0;
				GCC_PREPROCESSOR_DEFINITIONS = (
					"DEBUG=1",
					"$(inherited)",
				);
				GCC_WARN_64_TO_32_BIT_CONVERSION = YES;
				GCC_WARN_ABOUT_RETURN_TYPE = YES_ERROR;
				GCC_WARN_UNDECLARED_SELECTOR = YES;
				GCC_WARN_UNINITIALIZED_AUTOS = YES_AGGRESSIVE;
				GCC_WARN_UNUSED_FUNCTION = YES;
				GCC_WARN_UNUSED_VARIABLE = YES;
				IPHONEOS_DEPLOYMENT_TARGET = 10.3;
				MTL_ENABLE_DEBUG_INFO = YES;
				ONLY_ACTIVE_ARCH = YES;
				SDKROOT = iphoneos;
				SWIFT_ACTIVE_COMPILATION_CONDITIONS = DEBUG;
				SWIFT_OPTIMIZATION_LEVEL = "-Onone";
			};
			name = Debug;
		};
		380B1AF01EC06A41003AB244 /* Release */ = {
			isa = XCBuildConfiguration;
			buildSettings = {
				ALWAYS_SEARCH_USER_PATHS = NO;
				CLANG_ANALYZER_NONNULL = YES;
				CLANG_ANALYZER_NUMBER_OBJECT_CONVERSION = YES_AGGRESSIVE;
				CLANG_CXX_LANGUAGE_STANDARD = "gnu++0x";
				CLANG_CXX_LIBRARY = "libc++";
				CLANG_ENABLE_MODULES = YES;
				CLANG_ENABLE_OBJC_ARC = YES;
				CLANG_WARN_BOOL_CONVERSION = YES;
				CLANG_WARN_CONSTANT_CONVERSION = YES;
				CLANG_WARN_DIRECT_OBJC_ISA_USAGE = YES_ERROR;
				CLANG_WARN_DOCUMENTATION_COMMENTS = YES;
				CLANG_WARN_EMPTY_BODY = YES;
				CLANG_WARN_ENUM_CONVERSION = YES;
				CLANG_WARN_INFINITE_RECURSION = YES;
				CLANG_WARN_INT_CONVERSION = YES;
				CLANG_WARN_OBJC_ROOT_CLASS = YES_ERROR;
				CLANG_WARN_SUSPICIOUS_MOVE = YES;
				CLANG_WARN_UNREACHABLE_CODE = YES;
				CLANG_WARN__DUPLICATE_METHOD_MATCH = YES;
				"CODE_SIGN_IDENTITY[sdk=iphoneos*]" = "iPhone Developer";
				COPY_PHASE_STRIP = NO;
				DEBUG_INFORMATION_FORMAT = "dwarf-with-dsym";
				ENABLE_NS_ASSERTIONS = NO;
				ENABLE_STRICT_OBJC_MSGSEND = YES;
				GCC_C_LANGUAGE_STANDARD = gnu99;
				GCC_NO_COMMON_BLOCKS = YES;
				GCC_WARN_64_TO_32_BIT_CONVERSION = YES;
				GCC_WARN_ABOUT_RETURN_TYPE = YES_ERROR;
				GCC_WARN_UNDECLARED_SELECTOR = YES;
				GCC_WARN_UNINITIALIZED_AUTOS = YES_AGGRESSIVE;
				GCC_WARN_UNUSED_FUNCTION = YES;
				GCC_WARN_UNUSED_VARIABLE = YES;
				IPHONEOS_DEPLOYMENT_TARGET = 10.3;
				MTL_ENABLE_DEBUG_INFO = NO;
				SDKROOT = iphoneos;
				SWIFT_OPTIMIZATION_LEVEL = "-Owholemodule";
				VALIDATE_PRODUCT = YES;
			};
			name = Release;
		};
		380B1AF21EC06A41003AB244 /* Debug */ = {
			isa = XCBuildConfiguration;
			buildSettings = {
				ASSETCATALOG_COMPILER_APPICON_NAME = AppIcon;
				INFOPLIST_FILE = BigBrotherClient/Info.plist;
				LD_RUNPATH_SEARCH_PATHS = "$(inherited) @executable_path/Frameworks";
				PRODUCT_BUNDLE_IDENTIFIER = com.gongpingjia.BigBrotherClient;
				PRODUCT_NAME = "$(TARGET_NAME)";
				SWIFT_VERSION = 3.0;
			};
			name = Debug;
		};
		380B1AF31EC06A41003AB244 /* Release */ = {
			isa = XCBuildConfiguration;
			buildSettings = {
				ASSETCATALOG_COMPILER_APPICON_NAME = AppIcon;
				INFOPLIST_FILE = BigBrotherClient/Info.plist;
				LD_RUNPATH_SEARCH_PATHS = "$(inherited) @executable_path/Frameworks";
				PRODUCT_BUNDLE_IDENTIFIER = com.gongpingjia.BigBrotherClient;
				PRODUCT_NAME = "$(TARGET_NAME)";
				SWIFT_VERSION = 3.0;
			};
			name = Release;
		};
/* End XCBuildConfiguration section */

/* Begin XCConfigurationList section */
		380B1ADA1EC06A41003AB244 /* Build configuration list for PBXProject "BigBrotherClient" */ = {
			isa = XCConfigurationList;
			buildConfigurations = (
				380B1AEF1EC06A41003AB244 /* Debug */,
				380B1AF01EC06A41003AB244 /* Release */,
			);
			defaultConfigurationIsVisible = 0;
			defaultConfigurationName = Release;
		};
		380B1AF11EC06A41003AB244 /* Build configuration list for PBXNativeTarget "BigBrotherClient" */ = {
			isa = XCConfigurationList;
			buildConfigurations = (
				380B1AF21EC06A41003AB244 /* Debug */,
				380B1AF31EC06A41003AB244 /* Release */,
			);
			defaultConfigurationIsVisible = 0;
		};
/* End XCConfigurationList section */
	};
	rootObject = 380B1AD71EC06A41003AB244 /* Project object */;
}
